
Microsoft Visual Studio Solution File, Format Version 12.00
# Visual Studio Version 16
VisualStudioVersion = 16.0.32126.315
MinimumVisualStudioVersion = 10.0.40219.1
Project("{FAE04EC0-301F-11D3-BF4B-00C04F79EFBC}") = "WebApplication4", "WebApplication4\WebApplication4.csproj", "{D0F082FD-7FD5-4B9A-8E3F-658680952B74}"
EndProject
Project("{FAE04EC0-301F-11D3-BF4B-00C04F79EFBC}") = "LoginValidationDemo", "LoginValidationDemo\LoginValidationDemo.csproj", "{B2EB5AEA-A777-4762-922C-1074EA602905}"
EndProject
Global
	GlobalSection(SolutionConfigurationPlatforms) = preSolution
		Debug|Any CPU = Debug|Any CPU
		Release|Any CPU = Release|Any CPU
	EndGlobalSection
	GlobalSection(ProjectConfigurationPlatforms) = postSolution
		{D0F082FD-7FD5-4B9A-8E3F-658680952B74}.Debug|Any CPU.ActiveCfg = Debug|Any CPU
		{D0F082FD-7FD5-4B9A-8E3F-658680952B74}.Debug|Any CPU.Build.0 = Debug|Any CPU
		{D0F082FD-7FD5-4B9A-8E3F-658680952B74}.Release|Any CPU.ActiveCfg = Release|Any CPU
		{D0F082FD-7FD5-4B9A-8E3F-658680952B74}.Release|Any CPU.Build.0 = Release|Any CPU
		{B2EB5AEA-A777-4762-922C-1074EA602905}.Debug|Any CPU.ActiveCfg = Debug|Any CPU
		{B2EB5AEA-A777-4762-922C-1074EA602905}.Debug|Any CPU.Build.0 = Debug|Any CPU
		{B2EB5AEA-A777-4762-922C-1074EA602905}.Release|Any CPU.ActiveCfg = Release|Any CPU
		{B2EB5AEA-A777-4762-922C-1074EA602905}.Release|Any CPU.Build.0 = Release|Any CPU
	EndGlobalSection
	GlobalSection(SolutionProperties) = preSolution
		HideSolutionNode = FALSE
	EndGlobalSection
	GlobalSection(ExtensibilityGlobals) = postSolution
		SolutionGuid = {A1FC2973-64C7-4FEE-9602-0EB4BA76A1BB}
	EndGlobalSection
EndGlobal
